# THIS IS AN AUTOGENERATED FILE. DO NOT EDIT THIS FILE DIRECTLY.
# yarn lockfile v1


"@babel/runtime@^7.12.1", "@babel/runtime@^7.5.5", "@babel/runtime@^7.9.2":
  version "7.24.4"
  resolved "https://registry.npmjs.org/@babel/runtime/-/runtime-7.24.4.tgz"
  integrity sha512-dkxf7+hn8mFBwKjs9bvBlArzLVxVbS8usaPUDd5p2a9JCL9tB8OaOVN1isD4+Xyk4ns89/xeOmbQvgdK7IIVdA==
  dependencies:
    regenerator-runtime "^0.14.0"

"@next/env@13.1.6":
  version "13.1.6"
  resolved "https://registry.npmjs.org/@next/env/-/env-13.1.6.tgz"
  integrity sha512-s+W9Fdqh5MFk6ECrbnVmmAOwxKQuhGMT7xXHrkYIBMBcTiOqNWhv5KbJIboKR5STXxNXl32hllnvKaffzFaWQg==

"@next/font@13.1.6":
  version "13.1.6"
  resolved "https://registry.npmjs.org/@next/font/-/font-13.1.6.tgz"
  integrity sha512-AITjmeb1RgX1HKMCiA39ztx2mxeAyxl4ljv2UoSBUGAbFFMg8MO7YAvjHCgFhD39hL7YTbFjol04e/BPBH5RzQ==

"@next/swc-android-arm-eabi@13.1.6":
  version "13.1.6"
  resolved "https://registry.yarnpkg.com/@next/swc-android-arm-eabi/-/swc-android-arm-eabi-13.1.6.tgz#d766dfc10e27814d947b20f052067c239913dbcc"
  integrity sha512-F3/6Z8LH/pGlPzR1AcjPFxx35mPqjE5xZcf+IL+KgbW9tMkp7CYi1y7qKrEWU7W4AumxX/8OINnDQWLiwLasLQ==

"@next/swc-android-arm64@13.1.6":
  version "13.1.6"
  resolved "https://registry.yarnpkg.com/@next/swc-android-arm64/-/swc-android-arm64-13.1.6.tgz#f37a98d5f18927d8c9970d750d516ac779465176"
  integrity sha512-cMwQjnB8vrYkWyK/H0Rf2c2pKIH4RGjpKUDvbjVAit6SbwPDpmaijLio0LWFV3/tOnY6kvzbL62lndVA0mkYpw==

"@next/swc-darwin-arm64@13.1.6":
  version "13.1.6"
  resolved "https://registry.yarnpkg.com/@next/swc-darwin-arm64/-/swc-darwin-arm64-13.1.6.tgz#ec1b90fd9bf809d8b81004c5182e254dced4ad96"
  integrity sha512-KKRQH4DDE4kONXCvFMNBZGDb499Hs+xcFAwvj+rfSUssIDrZOlyfJNy55rH5t2Qxed1e4K80KEJgsxKQN1/fyw==

"@next/swc-darwin-x64@13.1.6":
  version "13.1.6"
  resolved "https://registry.yarnpkg.com/@next/swc-darwin-x64/-/swc-darwin-x64-13.1.6.tgz#e869ac75d16995eee733a7d1550322d9051c1eb4"
  integrity sha512-/uOky5PaZDoaU99ohjtNcDTJ6ks/gZ5ykTQDvNZDjIoCxFe3+t06bxsTPY6tAO6uEAw5f6vVFX5H5KLwhrkZCA==

"@next/swc-freebsd-x64@13.1.6":
  version "13.1.6"
  resolved "https://registry.yarnpkg.com/@next/swc-freebsd-x64/-/swc-freebsd-x64-13.1.6.tgz#84a7b2e423a2904afc2edca21c2f1ba6b53fa4c1"
  integrity sha512-qaEALZeV7to6weSXk3Br80wtFQ7cFTpos/q+m9XVRFggu+8Ib895XhMWdJBzew6aaOcMvYR6KQ6JmHA2/eMzWw==

"@next/swc-linux-arm-gnueabihf@13.1.6":
  version "13.1.6"
  resolved "https://registry.yarnpkg.com/@next/swc-linux-arm-gnueabihf/-/swc-linux-arm-gnueabihf-13.1.6.tgz#980eed1f655ff8a72187d8a6ef9e73ac39d20d23"
  integrity sha512-OybkbC58A1wJ+JrJSOjGDvZzrVEQA4sprJejGqMwiZyLqhr9Eo8FXF0y6HL+m1CPCpPhXEHz/2xKoYsl16kNqw==

"@next/swc-linux-arm64-gnu@13.1.6":
  version "13.1.6"
  resolved "https://registry.yarnpkg.com/@next/swc-linux-arm64-gnu/-/swc-linux-arm64-gnu-13.1.6.tgz#87a71db21cded3f7c63d1d19079845c59813c53d"
  integrity sha512-yCH+yDr7/4FDuWv6+GiYrPI9kcTAO3y48UmaIbrKy8ZJpi7RehJe3vIBRUmLrLaNDH3rY1rwoHi471NvR5J5NQ==

"@next/swc-linux-arm64-musl@13.1.6":
  version "13.1.6"
  resolved "https://registry.yarnpkg.com/@next/swc-linux-arm64-musl/-/swc-linux-arm64-musl-13.1.6.tgz#c5aac8619331b9fd030603bbe2b36052011e11de"
  integrity sha512-ECagB8LGX25P9Mrmlc7Q/TQBb9rGScxHbv/kLqqIWs2fIXy6Y/EiBBiM72NTwuXUFCNrWR4sjUPSooVBJJ3ESQ==

"@next/swc-linux-x64-gnu@13.1.6":
  version "13.1.6"
  resolved "https://registry.npmjs.org/@next/swc-linux-x64-gnu/-/swc-linux-x64-gnu-13.1.6.tgz"
  integrity sha512-GT5w2mruk90V/I5g6ScuueE7fqj/d8Bui2qxdw6lFxmuTgMeol5rnzAv4uAoVQgClOUO/MULilzlODg9Ib3Y4Q==

"@next/swc-linux-x64-musl@13.1.6":
  version "13.1.6"
  resolved "https://registry.npmjs.org/@next/swc-linux-x64-musl/-/swc-linux-x64-musl-13.1.6.tgz"
  integrity sha512-keFD6KvwOPzmat4TCnlnuxJCQepPN+8j3Nw876FtULxo8005Y9Ghcl7ACcR8GoiKoddAq8gxNBrpjoxjQRHeAQ==

"@next/swc-win32-arm64-msvc@13.1.6":
  version "13.1.6"
  resolved "https://registry.yarnpkg.com/@next/swc-win32-arm64-msvc/-/swc-win32-arm64-msvc-13.1.6.tgz#fac2077a8ae9768e31444c9ae90807e64117cda7"
  integrity sha512-OwertslIiGQluFvHyRDzBCIB07qJjqabAmINlXUYt7/sY7Q7QPE8xVi5beBxX/rxTGPIbtyIe3faBE6Z2KywhQ==

"@next/swc-win32-ia32-msvc@13.1.6":
  version "13.1.6"
  resolved "https://registry.yarnpkg.com/@next/swc-win32-ia32-msvc/-/swc-win32-ia32-msvc-13.1.6.tgz#498bc11c91b4c482a625bf4b978f98ae91111e46"
  integrity sha512-g8zowiuP8FxUR9zslPmlju7qYbs2XBtTLVSxVikPtUDQedhcls39uKYLvOOd1JZg0ehyhopobRoH1q+MHlIN/w==

"@next/swc-win32-x64-msvc@13.1.6":
  version "13.1.6"
  resolved "https://registry.yarnpkg.com/@next/swc-win32-x64-msvc/-/swc-win32-x64-msvc-13.1.6.tgz#17ed919c723426b7d0ce1cd73d40ce3dcd342089"
  integrity sha512-Ls2OL9hi3YlJKGNdKv8k3X/lLgc3VmLG3a/DeTkAd+lAituJp8ZHmRmm9f9SL84fT3CotlzcgbdaCDfFwFA6bA==

"@reduxjs/toolkit@^1.9.3":
  version "1.9.7"
  resolved "https://registry.npmjs.org/@reduxjs/toolkit/-/toolkit-1.9.7.tgz"
  integrity sha512-t7v8ZPxhhKgOKtU+uyJT13lu4vL7az5aFi4IdoDs/eS548edn2M8Ik9h8fxgvMjGoAUVFSt6ZC1P5cWmQ014QQ==
  dependencies:
    immer "^9.0.21"
    redux "^4.2.1"
    redux-thunk "^2.4.2"
    reselect "^4.1.8"

"@swc/helpers@0.4.14":
  version "0.4.14"
  resolved "https://registry.npmjs.org/@swc/helpers/-/helpers-0.4.14.tgz"
  integrity sha512-4C7nX/dvpzB7za4Ql9K81xK3HPxCpHMgwTZVyf+9JQ6VUbn9jjZVN7/Nkdz/Ugzs2CSjqnL/UPXroiVBVHUWUw==
  dependencies:
    tslib "^2.4.0"

"@types/hoist-non-react-statics@^3.3.1":
  version "3.3.5"
  resolved "https://registry.npmjs.org/@types/hoist-non-react-statics/-/hoist-non-react-statics-3.3.5.tgz"
  integrity sha512-SbcrWzkKBw2cdwRTwQAswfpB9g9LJWfjtUeW/jvNwbhC8cpmmNYVePa+ncbUe0rGTQ7G3Ff6mYUN2VMfLVr+Sg==
  dependencies:
    "@types/react" "*"
    hoist-non-react-statics "^3.3.0"

"@types/prop-types@*":
  version "15.7.12"
  resolved "https://registry.npmjs.org/@types/prop-types/-/prop-types-15.7.12.tgz"
  integrity sha512-5zvhXYtRNRluoE/jAp4GVsSduVUzNWKkOZrCDBWYtE7biZywwdC2AcEzg+cSMLFRfVgeAFqpfNabiPjxFddV1Q==

"@types/react@*":
  version "18.2.79"
  resolved "https://registry.npmjs.org/@types/react/-/react-18.2.79.tgz"
  integrity sha512-RwGAGXPl9kSXwdNTafkOEuFrTBD5SA2B3iEB96xi8+xu5ddUa/cpvyVCSNn+asgLCTHkb5ZxN8gbuibYJi4s1w==
  dependencies:
    "@types/prop-types" "*"
    csstype "^3.0.2"

"@types/use-sync-external-store@^0.0.3":
  version "0.0.3"
  resolved "https://registry.npmjs.org/@types/use-sync-external-store/-/use-sync-external-store-0.0.3.tgz"
  integrity sha512-EwmlvuaxPNej9+T4v5AuBPJa2x2UOJVdjCtDHgcDqitUeOtjnJKJ+apYjVcAoBEMjKW1VVFGZLUb5+qqa09XFA==

anymatch@~3.1.2:
  version "3.1.3"
  resolved "https://registry.npmjs.org/anymatch/-/anymatch-3.1.3.tgz"
  integrity sha512-KMReFUr0B4t+D+OBkjR3KYqvocp2XaSzO55UcB6mgQMd3KbcE+mWTyvVV7D/zsdEbNnV6acZUutkiHQXvTr1Rw==
  dependencies:
    normalize-path "^3.0.0"
    picomatch "^2.0.4"

asap@~2.0.3:
  version "2.0.6"
  resolved "https://registry.yarnpkg.com/asap/-/asap-2.0.6.tgz#e50347611d7e690943208bbdafebcbc2fb866d46"
  integrity sha512-BSHWgDSAiKs50o2Re8ppvp3seVHXSRM44cdSsT9FfNEUUZLOGWVCsiWaRPWM1Znn+mqZ1OfVZ3z3DWEzSp7hRA==

binary-extensions@^2.0.0:
  version "2.3.0"
  resolved "https://registry.npmjs.org/binary-extensions/-/binary-extensions-2.3.0.tgz"
  integrity sha512-Ceh+7ox5qe7LJuLHoY0feh3pHuUDHAcRUeyL2VYghZwfpkNIy/+8Ocg0a3UuSoYzavmylwuLWQOf3hl0jjMMIw==

braces@~3.0.2:
  version "3.0.2"
  resolved "https://registry.npmjs.org/braces/-/braces-3.0.2.tgz"
  integrity sha512-b8um+L1RzM3WDSzvhm6gIz1yfTbBt6YTlcEKAvsmqCZZFw46z626lVj9j1yEPW33H5H+lBQpZMP1k8l+78Ha0A==
  dependencies:
    fill-range "^7.0.1"

caniuse-lite@^1.0.30001406:
  version "1.0.30001610"
  resolved "https://registry.npmjs.org/caniuse-lite/-/caniuse-lite-1.0.30001610.tgz"
  integrity sha512-QFutAY4NgaelojVMjY63o6XlZyORPaLfyMnsl3HgnWdJUcX6K0oaJymHjH8PT5Gk7sTm8rvC/c5COUQKXqmOMA==

chihiro-ui@../win-ui/:
  version "1.0.0"
  dependencies:
    react "^18.2.0"
    react-dom "^18.2.0"
    typescript "^4.9.5"

"chokidar@>=3.0.0 <4.0.0":
  version "3.6.0"
  resolved "https://registry.npmjs.org/chokidar/-/chokidar-3.6.0.tgz"
  integrity sha512-7VT13fmjotKpGipCW9JEQAusEPE+Ei8nl6/g4FBAmIm0GOOLMua9NDDo/DWp0ZAxCr3cPq5ZpBqmPAQgDda2Pw==
  dependencies:
    anymatch "~3.1.2"
    braces "~3.0.2"
    glob-parent "~5.1.2"
    is-binary-path "~2.1.0"
    is-glob "~4.0.1"
    normalize-path "~3.0.0"
    readdirp "~3.6.0"
  optionalDependencies:
    fsevents "~2.3.2"

classnames@^2.3.1:
  version "2.5.1"
  resolved "https://registry.yarnpkg.com/classnames/-/classnames-2.5.1.tgz#ba774c614be0f016da105c858e7159eae8e7687b"
  integrity sha512-saHYOzhIQs6wy2sVxTM6bUDsQO4F50V9RQ22qBpEdCW+I+/Wmke2HOl6lS6dTpdxVhb88/I6+Hs+438c3lfUow==

client-only@0.0.1:
  version "0.0.1"
  resolved "https://registry.npmjs.org/client-only/-/client-only-0.0.1.tgz"
  integrity sha512-IV3Ou0jSMzZrd3pZ48nLkT9DA7Ag1pnPzaiQhpW7c3RbcqqzvzzVu+L8gfqMp/8IM2MQtSiqaCxrrcfu8I8rMA==

core-js@^3.6.4:
  version "3.37.0"
  resolved "https://registry.yarnpkg.com/core-js/-/core-js-3.37.0.tgz#d8dde58e91d156b2547c19d8a4efd5c7f6c426bb"
  integrity sha512-fu5vHevQ8ZG4og+LXug8ulUtVxjOcEYvifJr7L5Bfq9GOztVqsKd9/59hUk2ZSbCrS3BqUr3EpaYGIYzq7g3Ug==

cross-fetch@^3.0.4:
  version "3.1.8"
  resolved "https://registry.yarnpkg.com/cross-fetch/-/cross-fetch-3.1.8.tgz#0327eba65fd68a7d119f8fb2bf9334a1a7956f82"
  integrity sha512-cvA+JwZoU0Xq+h6WkMvAUqPEYy92Obet6UdKLfW60qn99ftItKjB5T+BkyWOFWe2pUyfQ+IJHmpOTznqk1M6Kg==
  dependencies:
    node-fetch "^2.6.12"

csstype@^3.0.2:
  version "3.1.3"
  resolved "https://registry.npmjs.org/csstype/-/csstype-3.1.3.tgz"
  integrity sha512-M1uQkMl8rQK/szD0LNhtqxIPLpimGm8sOBwU7lLnCpSbTyY3yeU1Vc7l4KT5zT4s/yOxHH5O7tIuuLOCnLADRw==

deepmerge@^2.1.1:
  version "2.2.1"
  resolved "https://registry.npmjs.org/deepmerge/-/deepmerge-2.2.1.tgz"
  integrity sha512-R9hc1Xa/NOBi9WRVUWg19rl1UB7Tt4kuPd+thNJgFZoxXsTz7ncaPaeIm+40oSGuP33DfMb4sZt1QIGiJzC4EA==

draft-convert@^2.1.13:
  version "2.1.13"
  resolved "https://registry.yarnpkg.com/draft-convert/-/draft-convert-2.1.13.tgz#ffa1878feee88e0911c5728cd1445f6e5d861a41"
  integrity sha512-/h/n4JCfyO8aWby7wKBkccHdsuVbbDyHWXi/B3Zf2pN++lN1lDOIVt5ulXCcbH2Y5YJEFzMJw/YGfN+R0axxxg==
  dependencies:
    "@babel/runtime" "^7.5.5"
    immutable "~3.7.4"
    invariant "^2.2.1"

draft-js-export-html@^1.4.1:
  version "1.4.1"
  resolved "https://registry.yarnpkg.com/draft-js-export-html/-/draft-js-export-html-1.4.1.tgz#7cdad970c6f7f2cdd19ce4c1f5073fdf0f313b4d"
  integrity sha512-G4VGBSalPowktIE4wp3rFbhjs+Ln9IZ2FhXeHjsZDSw0a2+h+BjKu5Enq+mcsyVb51RW740GBK8Xbf7Iic51tw==
  dependencies:
    draft-js-utils "^1.4.0"

draft-js-utils@^1.4.0:
  version "1.4.1"
  resolved "https://registry.yarnpkg.com/draft-js-utils/-/draft-js-utils-1.4.1.tgz#a59c792ad621f7050292031a237d524708a6d509"
  integrity sha512-xE81Y+z/muC5D5z9qWmKfxEW1XyXfsBzSbSBk2JRsoD0yzMGGHQm/0MtuqHl/EUDkaBJJLjJ2EACycoDMY/OOg==

draft-js@^0.11.7:
  version "0.11.7"
  resolved "https://registry.yarnpkg.com/draft-js/-/draft-js-0.11.7.tgz#be293aaa255c46d8a6647f3860aa4c178484a206"
  integrity sha512-ne7yFfN4sEL82QPQEn80xnADR8/Q6ALVworbC5UOSzOvjffmYfFsr3xSZtxbIirti14R7Y33EZC5rivpLgIbsg==
  dependencies:
    fbjs "^2.0.0"
    immutable "~3.7.4"
    object-assign "^4.1.1"

fbjs-css-vars@^1.0.0:
  version "1.0.2"
  resolved "https://registry.yarnpkg.com/fbjs-css-vars/-/fbjs-css-vars-1.0.2.tgz#216551136ae02fe255932c3ec8775f18e2c078b8"
  integrity sha512-b2XGFAFdWZWg0phtAWLHCk836A1Xann+I+Dgd3Gk64MHKZO44FfoD1KxyvbSh0qZsIoXQGGlVztIY+oitJPpRQ==

fbjs@^2.0.0:
  version "2.0.0"
  resolved "https://registry.yarnpkg.com/fbjs/-/fbjs-2.0.0.tgz#01fb812138d7e31831ed3e374afe27b9169ef442"
  integrity sha512-8XA8ny9ifxrAWlyhAbexXcs3rRMtxWcs3M0lctLfB49jRDHiaxj+Mo0XxbwE7nKZYzgCFoq64FS+WFd4IycPPQ==
  dependencies:
    core-js "^3.6.4"
    cross-fetch "^3.0.4"
    fbjs-css-vars "^1.0.0"
    loose-envify "^1.0.0"
    object-assign "^4.1.0"
    promise "^7.1.1"
    setimmediate "^1.0.5"
    ua-parser-js "^0.7.18"

fill-range@^7.0.1:
  version "7.0.1"
  resolved "https://registry.npmjs.org/fill-range/-/fill-range-7.0.1.tgz"
  integrity sha512-qOo9F+dMUmC2Lcb4BbVvnKJxTPjCm+RRpe4gDuGrzkL7mEVl/djYSu2OdQ2Pa302N4oqkSg9ir6jaLWJ2USVpQ==
  dependencies:
    to-regex-range "^5.0.1"

formik@^2.2.9:
  version "2.4.5"
  resolved "https://registry.npmjs.org/formik/-/formik-2.4.5.tgz"
  integrity sha512-Gxlht0TD3vVdzMDHwkiNZqJ7Mvg77xQNfmBRrNtvzcHZs72TJppSTDKHpImCMJZwcWPBJ8jSQQ95GJzXFf1nAQ==
  dependencies:
    "@types/hoist-non-react-statics" "^3.3.1"
    deepmerge "^2.1.1"
    hoist-non-react-statics "^3.3.0"
    lodash "^4.17.21"
    lodash-es "^4.17.21"
    react-fast-compare "^2.0.1"
    tiny-warning "^1.0.2"
    tslib "^2.0.0"

fsevents@~2.3.2:
  version "2.3.3"
  resolved "https://registry.yarnpkg.com/fsevents/-/fsevents-2.3.3.tgz#cac6407785d03675a2a5e1a5305c697b347d90d6"
  integrity sha512-5xoDfX+fL7faATnagmWPpbFtwh/R77WmMMqqHGS65C3vvB0YHrgF+B1YmZ3441tMj5n63k0212XNoJwzlhffQw==

glob-parent@~5.1.2:
  version "5.1.2"
  resolved "https://registry.npmjs.org/glob-parent/-/glob-parent-5.1.2.tgz"
  integrity sha512-AOIgSQCepiJYwP3ARnGx+5VnTu2HBYdzbGP45eLw1vr3zB3vZLeyed1sC9hnbcOc9/SrMyM5RPQrkGz4aS9Zow==
  dependencies:
    is-glob "^4.0.1"

hoist-non-react-statics@^3.3.0, hoist-non-react-statics@^3.3.2:
  version "3.3.2"
  resolved "https://registry.npmjs.org/hoist-non-react-statics/-/hoist-non-react-statics-3.3.2.tgz"
  integrity sha512-/gGivxi8JPKWNm/W0jSmzcMPpfpPLc3dY/6GxhX2hQ9iGj3aDfklV4ET7NjKpSinLpJ5vafa9iiGIEZg10SfBw==
  dependencies:
    react-is "^16.7.0"

immer@^9.0.21:
  version "9.0.21"
  resolved "https://registry.npmjs.org/immer/-/immer-9.0.21.tgz"
  integrity sha512-bc4NBHqOqSfRW7POMkHd51LvClaeMXpm8dx0e8oE2GORbq5aRK7Bxl4FyzVLdGtLmvLKL7BTDBG5ACQm4HWjTA==

immutable@^4.0.0:
  version "4.3.5"
  resolved "https://registry.npmjs.org/immutable/-/immutable-4.3.5.tgz"
  integrity sha512-8eabxkth9gZatlwl5TBuJnCsoTADlL6ftEr7A4qgdaTsPyreilDSnUk57SO+jfKcNtxPa22U5KK6DSeAYhpBJw==

immutable@~3.7.4:
  version "3.7.6"
  resolved "https://registry.yarnpkg.com/immutable/-/immutable-3.7.6.tgz#13b4d3cb12befa15482a26fe1b2ebae640071e4b"
  integrity sha512-AizQPcaofEtO11RZhPPHBOJRdo/20MKQF9mBLnVkBoyHi1/zXK8fzVdnEpSV9gxqtnh6Qomfp3F0xT5qP/vThw==

invariant@^2.2.1:
  version "2.2.4"
  resolved "https://registry.yarnpkg.com/invariant/-/invariant-2.2.4.tgz#610f3c92c9359ce1db616e538008d23ff35158e6"
  integrity sha512-phJfQVBuaJM5raOpJjSfkiD6BpbCE4Ns//LaXl6wGYtUBY83nWS6Rf9tXm2e8VaK60JEjYldbPif/A2B1C2gNA==
  dependencies:
    loose-envify "^1.0.0"

is-binary-path@~2.1.0:
  version "2.1.0"
  resolved "https://registry.npmjs.org/is-binary-path/-/is-binary-path-2.1.0.tgz"
  integrity sha512-ZMERYes6pDydyuGidse7OsHxtbI7WVeUEozgR/g7rd0xUimYNlvZRE/K2MgZTjWy725IfelLeVcEM97mmtRGXw==
  dependencies:
    binary-extensions "^2.0.0"

is-extglob@^2.1.1:
  version "2.1.1"
  resolved "https://registry.npmjs.org/is-extglob/-/is-extglob-2.1.1.tgz"
  integrity sha512-SbKbANkN603Vi4jEZv49LeVJMn4yGwsbzZworEoyEiutsN3nJYdbO36zfhGJ6QEDpOZIFkDtnq5JRxmvl3jsoQ==

is-glob@^4.0.1, is-glob@~4.0.1:
  version "4.0.3"
  resolved "https://registry.npmjs.org/is-glob/-/is-glob-4.0.3.tgz"
  integrity sha512-xelSayHH36ZgE7ZWhli7pW34hNbNl8Ojv5KVmkJD4hBdD3th8Tfk9vYasLM+mXWOZhFkgZfxhLSnrwRr4elSSg==
  dependencies:
    is-extglob "^2.1.1"

is-number@^7.0.0:
  version "7.0.0"
  resolved "https://registry.npmjs.org/is-number/-/is-number-7.0.0.tgz"
  integrity sha512-41Cifkg6e8TylSpdtTpeLVMqvSBEVzTttHvERD741+pnZ8ANv0004MRL43QKPDlK9cGvNp6NZWZUBlbGXYxxng==

"js-tokens@^3.0.0 || ^4.0.0":
  version "4.0.0"
  resolved "https://registry.npmjs.org/js-tokens/-/js-tokens-4.0.0.tgz"
  integrity sha512-RdJUflcE3cUzKiMqQgsCu06FPu9UdIJO0beYbPhHN4k6apgJtifcoCtT9bcxOpYBtpD2kCM6Sbzg4CausW/PKQ==

lodash-es@^4.17.21:
  version "4.17.21"
  resolved "https://registry.npmjs.org/lodash-es/-/lodash-es-4.17.21.tgz"
  integrity sha512-mKnC+QJ9pWVzv+C4/U3rRsHapFfHvQFoFB92e52xeyGMcX6/OlIl78je1u8vePzYZSkkogMPJ2yjxxsb89cxyw==

lodash@^4.17.21:
  version "4.17.21"
  resolved "https://registry.npmjs.org/lodash/-/lodash-4.17.21.tgz"
  integrity sha512-v2kDEe57lecTulaDIuNTPy3Ry4gLGJ6Z1O3vE1krgXZNrsQ+LFTGHVxVjcXPs17LhbZVGedAJv8XZ1tvj5FvSg==

loose-envify@^1.0.0, loose-envify@^1.1.0:
  version "1.4.0"
  resolved "https://registry.npmjs.org/loose-envify/-/loose-envify-1.4.0.tgz"
  integrity sha512-lyuxPGr/Wfhrlem2CL/UcnUc1zcqKAImBDzukY7Y5F/yQiNdko6+fRLevlw1HgMySw7f611UIY408EtxRSoK3Q==
  dependencies:
    js-tokens "^3.0.0 || ^4.0.0"

nanoid@^3.3.4:
  version "3.3.7"
  resolved "https://registry.npmjs.org/nanoid/-/nanoid-3.3.7.tgz"
  integrity sha512-eSRppjcPIatRIMC1U6UngP8XFcz8MQWGQdt1MTBQ7NaAmvXDfvNxbvWV3x2y6CdEUciCSsDHDQZbhYaB8QEo2g==

next@13.1.6:
  version "13.1.6"
  resolved "https://registry.npmjs.org/next/-/next-13.1.6.tgz"
  integrity sha512-hHlbhKPj9pW+Cymvfzc15lvhaOZ54l+8sXDXJWm3OBNBzgrVj6hwGPmqqsXg40xO1Leq+kXpllzRPuncpC0Phw==
  dependencies:
    "@next/env" "13.1.6"
    "@swc/helpers" "0.4.14"
    caniuse-lite "^1.0.30001406"
    postcss "8.4.14"
    styled-jsx "5.1.1"
  optionalDependencies:
    "@next/swc-android-arm-eabi" "13.1.6"
    "@next/swc-android-arm64" "13.1.6"
    "@next/swc-darwin-arm64" "13.1.6"
    "@next/swc-darwin-x64" "13.1.6"
    "@next/swc-freebsd-x64" "13.1.6"
    "@next/swc-linux-arm-gnueabihf" "13.1.6"
    "@next/swc-linux-arm64-gnu" "13.1.6"
    "@next/swc-linux-arm64-musl" "13.1.6"
    "@next/swc-linux-x64-gnu" "13.1.6"
    "@next/swc-linux-x64-musl" "13.1.6"
    "@next/swc-win32-arm64-msvc" "13.1.6"
    "@next/swc-win32-ia32-msvc" "13.1.6"
    "@next/swc-win32-x64-msvc" "13.1.6"

node-fetch@^2.6.12:
  version "2.7.0"
  resolved "https://registry.yarnpkg.com/node-fetch/-/node-fetch-2.7.0.tgz#d0f0fa6e3e2dc1d27efcd8ad99d550bda94d187d"
  integrity sha512-c4FRfUm/dbcWZ7U+1Wq0AwCyFL+3nt2bEw05wfxSz+DWpWsitgmSgYmy2dQdWyKC1694ELPqMs/YzUSNozLt8A==
  dependencies:
    whatwg-url "^5.0.0"

normalize-path@^3.0.0, normalize-path@~3.0.0:
  version "3.0.0"
  resolved "https://registry.npmjs.org/normalize-path/-/normalize-path-3.0.0.tgz"
  integrity sha512-6eZs5Ls3WtCisHWp9S2GUy8dqkpGi4BVSz3GaqiE6ezub0512ESztXUwUB6C6IKbQkY2Pnb/mD4WYojCRwcwLA==

object-assign@^4.1.0, object-assign@^4.1.1:
  version "4.1.1"
  resolved "https://registry.yarnpkg.com/object-assign/-/object-assign-4.1.1.tgz#2109adc7965887cfc05cbbd442cac8bfbb360863"
  integrity sha512-rJgTQnkUnH1sFw8yT6VSU3zD3sWmu6sZhIseY8VX+GRu3P6F7Fu+JNDoXfklElbLJSnc3FUQHVe4cU5hj+BcUg==

picocolors@^1.0.0:
  version "1.0.0"
  resolved "https://registry.npmjs.org/picocolors/-/picocolors-1.0.0.tgz"
  integrity sha512-1fygroTLlHu66zi26VoTDv8yRgm0Fccecssto+MhsZ0D/DGW2sm8E8AjW7NU5VVTRt5GxbeZ5qBuJr+HyLYkjQ==

picomatch@^2.0.4, picomatch@^2.2.1:
  version "2.3.1"
  resolved "https://registry.npmjs.org/picomatch/-/picomatch-2.3.1.tgz"
  integrity sha512-JU3teHTNjmE2VCGFzuY8EXzCDVwEqB2a8fsIvwaStHhAWJEeVd1o1QD80CU6+ZdEXXSLbSsuLwJjkCBWqRQUVA==

postcss@8.4.14:
  version "8.4.14"
  resolved "https://registry.npmjs.org/postcss/-/postcss-8.4.14.tgz"
  integrity sha512-E398TUmfAYFPBSdzgeieK2Y1+1cpdxJx8yXbK/m57nRhKSmk1GB2tO4lbLBtlkfPQTDKfe4Xqv1ASWPpayPEig==
  dependencies:
    nanoid "^3.3.4"
    picocolors "^1.0.0"
    source-map-js "^1.0.2"

promise@^7.1.1:
  version "7.3.1"
  resolved "https://registry.yarnpkg.com/promise/-/promise-7.3.1.tgz#064b72602b18f90f29192b8b1bc418ffd1ebd3bf"
  integrity sha512-nolQXZ/4L+bP/UGlkfaIujX9BKxGwmQ9OT4mOt5yvy8iK1h3wqTEJCijzGANTCCl9nWjY41juyAn2K3Q1hLLTg==
  dependencies:
    asap "~2.0.3"

react-dom@^18.2.0:
  version "18.2.0"
  resolved "https://registry.yarnpkg.com/react-dom/-/react-dom-18.2.0.tgz#22aaf38708db2674ed9ada224ca4aa708d821e3d"
  integrity sha512-6IMTriUmvsjHUjNtEDudZfuDQUoWXVxKHhlEGSk81n4YFS+r/Kl99wXiwlVXtPBtJenozv2P+hxDsw9eA7Xo6g==
  dependencies:
    loose-envify "^1.1.0"
    scheduler "^0.23.0"

react-fast-compare@^2.0.1:
  version "2.0.4"
  resolved "https://registry.npmjs.org/react-fast-compare/-/react-fast-compare-2.0.4.tgz"
  integrity sha512-suNP+J1VU1MWFKcyt7RtjiSWUjvidmQSlqu+eHslq+342xCbGTYmC0mEhPCOHxlW0CywylOC1u2DFAT+bv4dBw==

react-is@^16.7.0:
  version "16.13.1"
  resolved "https://registry.npmjs.org/react-is/-/react-is-16.13.1.tgz"
  integrity sha512-24e6ynE2H+OKt4kqsOvNd8kBpV65zoxbA4BVsEOB3ARVWQki/DHzaUoC5KuON/BiccDaCCTZBuOcfZs70kR8bQ==

react-is@^18.0.0:
  version "18.2.0"
  resolved "https://registry.npmjs.org/react-is/-/react-is-18.2.0.tgz"
  integrity sha512-xWGDIW6x921xtzPkhiULtthJHoJvBbF3q26fzloPCK0hsvxtPVelvftw3zjbHWSkR2km9Z+4uxbDDK/6Zw9B8w==

react-redux@^8.0.5:
  version "8.1.3"
  resolved "https://registry.npmjs.org/react-redux/-/react-redux-8.1.3.tgz"
  integrity sha512-n0ZrutD7DaX/j9VscF+uTALI3oUPa/pO4Z3soOBIjuRn/FzVu6aehhysxZCLi6y7duMf52WNZGMl7CtuK5EnRw==
  dependencies:
    "@babel/runtime" "^7.12.1"
    "@types/hoist-non-react-statics" "^3.3.1"
    "@types/use-sync-external-store" "^0.0.3"
    hoist-non-react-statics "^3.3.2"
    react-is "^18.0.0"
    use-sync-external-store "^1.0.0"

react@^18.2.0:
  version "18.2.0"
  resolved "https://registry.yarnpkg.com/react/-/react-18.2.0.tgz#555bd98592883255fa00de14f1151a917b5d77d5"
  integrity sha512-/3IjMdb2L9QbBdWiW5e3P2/npwMBaU9mHCSCUzNln0ZCYbcfTsGbTJrU/kGemdH2IWmB2ioZ+zkxtmq6g09fGQ==
  dependencies:
    loose-envify "^1.1.0"

readdirp@~3.6.0:
  version "3.6.0"
  resolved "https://registry.npmjs.org/readdirp/-/readdirp-3.6.0.tgz"
  integrity sha512-hOS089on8RduqdbhvQ5Z37A0ESjsqz6qnRcffsMU3495FuTdqSm+7bhJ29JvIOsBDEEnan5DPu9t3To9VRlMzA==
  dependencies:
    picomatch "^2.2.1"

redux-thunk@^2.4.2:
  version "2.4.2"
  resolved "https://registry.npmjs.org/redux-thunk/-/redux-thunk-2.4.2.tgz"
  integrity sha512-+P3TjtnP0k/FEjcBL5FZpoovtvrTNT/UXd4/sluaSyrURlSlhLSzEdfsTBW7WsKB6yPvgd7q/iZPICFjW4o57Q==

redux@^4.2.1:
  version "4.2.1"
  resolved "https://registry.npmjs.org/redux/-/redux-4.2.1.tgz"
  integrity sha512-LAUYz4lc+Do8/g7aeRa8JkyDErK6ekstQaqWQrNRW//MY1TvCEpMtpTWvlQ+FPbWCx+Xixu/6SHt5N0HR+SB4w==
  dependencies:
    "@babel/runtime" "^7.9.2"

regenerator-runtime@^0.14.0:
  version "0.14.1"
  resolved "https://registry.npmjs.org/regenerator-runtime/-/regenerator-runtime-0.14.1.tgz"
  integrity sha512-dYnhHh0nJoMfnkZs6GmmhFknAGRrLznOu5nc9ML+EJxGvrx6H7teuevqVqCuPcPK//3eDrrjQhehXVx9cnkGdw==

reselect@^4.1.8:
  version "4.1.8"
  resolved "https://registry.npmjs.org/reselect/-/reselect-4.1.8.tgz"
  integrity sha512-ab9EmR80F/zQTMNeneUr4cv+jSwPJgIlvEmVwLerwrWVbpLlBuls9XHzIeTFy4cegU2NHBp3va0LKOzU5qFEYQ==

sass@^1.58.3:
  version "1.75.0"
  resolved "https://registry.npmjs.org/sass/-/sass-1.75.0.tgz"
  integrity sha512-ShMYi3WkrDWxExyxSZPst4/okE9ts46xZmJDSawJQrnte7M1V9fScVB+uNXOVKRBt0PggHOwoZcn8mYX4trnBw==
  dependencies:
    chokidar ">=3.0.0 <4.0.0"
    immutable "^4.0.0"
    source-map-js ">=0.6.2 <2.0.0"

scheduler@^0.23.0:
  version "0.23.0"
  resolved "https://registry.npmjs.org/scheduler/-/scheduler-0.23.0.tgz"
  integrity sha512-CtuThmgHNg7zIZWAXi3AsyIzA3n4xx7aNyjwC2VJldO2LMVDhFK+63xGqq6CsJH4rTAt6/M+N4GhZiDYPx9eUw==
  dependencies:
    loose-envify "^1.1.0"

setimmediate@^1.0.5:
  version "1.0.5"
  resolved "https://registry.yarnpkg.com/setimmediate/-/setimmediate-1.0.5.tgz#290cbb232e306942d7d7ea9b83732ab7856f8285"
  integrity sha512-MATJdZp8sLqDl/68LfQmbP8zKPLQNV6BIZoIgrscFDQ+RsvK/BxeDQOgyxKKoh0y/8h3BqVFnCqQ/gd+reiIXA==

"source-map-js@>=0.6.2 <2.0.0", source-map-js@^1.0.2:
  version "1.2.0"
  resolved "https://registry.npmjs.org/source-map-js/-/source-map-js-1.2.0.tgz"
  integrity sha512-itJW8lvSA0TXEphiRoawsCksnlf8SyvmFzIhltqAHluXd88pkCd+cXJVHTDwdCr0IzwptSm035IHQktUu1QUMg==

styled-jsx@5.1.1:
  version "5.1.1"
  resolved "https://registry.npmjs.org/styled-jsx/-/styled-jsx-5.1.1.tgz"
  integrity sha512-pW7uC1l4mBZ8ugbiZrcIsiIvVx1UmTfw7UkC3Um2tmfUq9Bhk8IiyEIPl6F8agHgjzku6j0xQEZbfA5uSgSaCw==
  dependencies:
    client-only "0.0.1"

tiny-warning@^1.0.2:
  version "1.0.3"
  resolved "https://registry.npmjs.org/tiny-warning/-/tiny-warning-1.0.3.tgz"
  integrity sha512-lBN9zLN/oAf68o3zNXYrdCt1kP8WsiGW8Oo2ka41b2IM5JL/S1CTyX1rW0mb/zSuJun0ZUrDxx4sqvYS2FWzPA==

to-regex-range@^5.0.1:
  version "5.0.1"
  resolved "https://registry.npmjs.org/to-regex-range/-/to-regex-range-5.0.1.tgz"
  integrity sha512-65P7iz6X5yEr1cwcgvQxbbIw7Uk3gOy5dIdtZ4rDveLqhrdJP+Li/Hx6tyK0NEb+2GCyneCMJiGqrADCSNk8sQ==
  dependencies:
    is-number "^7.0.0"

tr46@~0.0.3:
  version "0.0.3"
  resolved "https://registry.yarnpkg.com/tr46/-/tr46-0.0.3.tgz#8184fd347dac9cdc185992f3a6622e14b9d9ab6a"
  integrity sha512-N3WMsuqV66lT30CrXNbEjx4GEwlow3v6rr4mCcv6prnfwhS01rkgyFdjPNBYd9br7LpXV1+Emh01fHnq2Gdgrw==

tslib@^2.0.0, tslib@^2.4.0:
  version "2.6.2"
  resolved "https://registry.npmjs.org/tslib/-/tslib-2.6.2.tgz"
  integrity sha512-AEYxH93jGFPn/a2iVAwW87VuUIkR1FVUKB77NwMF7nBTDkDrrT/Hpt/IrCJ0QXhW27jTBDcf5ZY7w6RiqTMw2Q==

typescript@^4.9.5:
  version "4.9.5"
  resolved "https://registry.yarnpkg.com/typescript/-/typescript-4.9.5.tgz#095979f9bcc0d09da324d58d03ce8f8374cbe65a"
  integrity sha512-1FXk9E2Hm+QzZQ7z+McJiHL4NW1F2EzMu9Nq9i3zAaGqibafqYwCVU6WyWAuyQRRzOlxou8xZSyXLEN8oKj24g==

ua-parser-js@^0.7.18:
  version "0.7.37"
  resolved "https://registry.yarnpkg.com/ua-parser-js/-/ua-parser-js-0.7.37.tgz#e464e66dac2d33a7a1251d7d7a99d6157ec27832"
  integrity sha512-xV8kqRKM+jhMvcHWUKthV9fNebIzrNy//2O9ZwWcfiBFR5f25XVZPLlEajk/sf3Ra15V92isyQqnIEXRDaZWEA==

use-sync-external-store@^1.0.0:
  version "1.2.0"
  resolved "https://registry.npmjs.org/use-sync-external-store/-/use-sync-external-store-1.2.0.tgz"
  integrity sha512-eEgnFxGQ1Ife9bzYs6VLi8/4X6CObHMw9Qr9tPY43iKwsPw8xE8+EFsf/2cFZ5S3esXgpWgtSCtLNS41F+sKPA==

webidl-conversions@^3.0.0:
  version "3.0.1"
  resolved "https://registry.yarnpkg.com/webidl-conversions/-/webidl-conversions-3.0.1.tgz#24534275e2a7bc6be7bc86611cc16ae0a5654871"
  integrity sha512-2JAn3z8AR6rjK8Sm8orRC0h/bcl/DqL7tRPdGZ4I1CjdF+EaMLmYxBHyXuKL849eucPFhvBoxMsflfOb8kxaeQ==

whatwg-url@^5.0.0:
  version "5.0.0"
  resolved "https://registry.yarnpkg.com/whatwg-url/-/whatwg-url-5.0.0.tgz#966454e8765462e37644d3626f6742ce8b70965d"
  integrity sha512-saE57nupxk6v3HY35+jzBwYa0rKSy0XR8JSxZPwgLr7ys0IBzhGviA1/TUGJLmSVqs8pb9AnvICXEuOHLprYTw==
  dependencies:
    tr46 "~0.0.3"
    webidl-conversions "^3.0.0"
